
Microsoft Visual Studio Solution File, Format Version 12.00
# Visual Studio Version 17
VisualStudioVersion = 17.0.31903.59
MinimumVisualStudioVersion = 10.0.40219.1
Project("{2150E333-8FDC-42A3-9474-1A3956D46DE8}") = "src", "src", "{00633434-F65A-4E12-9515-3DD31E8BAEB1}"
EndProject
Project("{2150E333-8FDC-42A3-9474-1A3956D46DE8}") = "default", "default", "{7AFC94D7-D1CD-4295-A664-1BC614AE4688}"
	ProjectSection(SolutionItems) = preProject
		LICENSE = LICENSE
		README.md = README.md
	EndProjectSection
EndProject
Project("{2150E333-8FDC-42A3-9474-1A3956D46DE8}") = ".github", ".github", "{570D82E8-4F43-440A-B017-525B08778CB4}"
EndProject
Project("{FAE04EC0-301F-11D3-BF4B-00C04F79EFBC}") = "AwsTool.Sdk.Dynamo", "src\AwsTool.Sdk.Dynamo\AwsTool.Sdk.Dynamo.csproj", "{3A186AD9-EB46-4DFE-A6AD-C499BB65EFD4}"
EndProject
Project("{2150E333-8FDC-42A3-9474-1A3956D46DE8}") = "workflows", "workflows", "{43A5F344-ED02-453C-B5D7-6E9F57C58B38}"
	ProjectSection(SolutionItems) = preProject
		.github\workflows\nuget.yml = .github\workflows\nuget.yml
	EndProjectSection
EndProject
Global
	GlobalSection(SolutionConfigurationPlatforms) = preSolution
		Debug|Any CPU = Debug|Any CPU
		Release|Any CPU = Release|Any CPU
	EndGlobalSection
	GlobalSection(SolutionProperties) = preSolution
		HideSolutionNode = FALSE
	EndGlobalSection
	GlobalSection(NestedProjects) = preSolution
		{3A186AD9-EB46-4DFE-A6AD-C499BB65EFD4} = {00633434-F65A-4E12-9515-3DD31E8BAEB1}
		{43A5F344-ED02-453C-B5D7-6E9F57C58B38} = {570D82E8-4F43-440A-B017-525B08778CB4}
	EndGlobalSection
	GlobalSection(ProjectConfigurationPlatforms) = postSolution
		{3A186AD9-EB46-4DFE-A6AD-C499BB65EFD4}.Debug|Any CPU.ActiveCfg = Debug|Any CPU
		{3A186AD9-EB46-4DFE-A6AD-C499BB65EFD4}.Debug|Any CPU.Build.0 = Debug|Any CPU
		{3A186AD9-EB46-4DFE-A6AD-C499BB65EFD4}.Release|Any CPU.ActiveCfg = Release|Any CPU
		{3A186AD9-EB46-4DFE-A6AD-C499BB65EFD4}.Release|Any CPU.Build.0 = Release|Any CPU
	EndGlobalSection
EndGlobal
